hash: 4da0b8417e68d640c67933f7e846a4948ff19fb9d7c5aad2f286ef3d7d6182b3
updated: 2018-01-07T15:06:22.285771-06:00
imports:
- name: github.com/dsnet/compress
  version: cc9eb1d7ad760af14e8f918698f745e80377af4f
  repo: https://github.com/dsnet/compress
  subpackages:
  - bzip2
  - internal
- name: github.com/FirmGuardian/legalcrypt-protos
  version: 47045c6fdb04986442cc005e0fc0fa78f1caee43
  repo: https://github.com/FirmGuardian/legalcrypt-protos
  subpackages:
  - messages
- name: github.com/golang/protobuf
  version: 1643683e1b54a9e88ad26d98f81400c8c9d9f4f9
  repo: https://github.com/golang/protobuf
  subpackages:
  - proto
- name: github.com/golang/snappy
  version: 553a641470496b2327abcac10b36396bd98e45c9
  repo: https://github.com/golang/snappy
- name: github.com/howeyc/gopass
  version: bf9dde6d0d2c004a008c27aaee91170c786f6db8
  repo: https://github.com/howeyc/gopass
- name: github.com/mattn/go-colorable
  version: ad5389df28cdac544c99bd7b9161a0b5b6ca9d1b
  repo: https://github.com/mattn/go-colorable
- name: github.com/mattn/go-isatty
  version: a5cdd64afdee435007ee3e9f6ed4684af949d568
  repo: https://github.com/mattn/go-isatty
- name: github.com/mgutz/ansi
  version: 9520e82c474b0a04dd04f8a40959027271bab992
  repo: https://github.com/mgutz/ansi
- name: github.com/mgutz/minimist
  version: 39eb8cf573ca29344bd7d7e6ba4d7febdebd37a9
  repo: https://github.com/mgutz/minimist
- name: github.com/mgutz/str
  version: 968bf66e3da857419e4f6e71b2d5c9ae95682dc4
  repo: https://github.com/mgutz/str
- name: github.com/mgutz/to
  version: 00c06406c2dd2e011f153a6502a21473676db33f
  repo: https://github.com/mgutz/to
- name: github.com/mholt/archiver
  version: 26cf5bb32d07aa4e8d0de15f56ce516f4641d7df
  repo: https://github.com/mholt/archiver
- name: github.com/MichaelTJones/walk
  version: 4748e29d5718c2df4028a6543edf86fd8cc0f881
  repo: https://github.com/MichaelTJones/walk
- name: github.com/nozzle/throttler
  version: d9b45f19996c645d38c9266d1f5cf1990e930119
  repo: https://github.com/nozzle/throttler
- name: github.com/nwaples/rardecode
  version: e06696f847aeda6f39a8f0b7cdff193b7690aef6
  repo: https://github.com/nwaples/rardecode
- name: github.com/pierrec/lz4
  version: 08c27939df1bd95e881e2c2367a749964ad1fceb
  repo: https://github.com/pierrec/lz4
- name: github.com/pierrec/xxHash
  version: a0006b13c722f7f12368c00a3d3c2ae8a999a0c6
  repo: https://github.com/pierrec/xxHash
  subpackages:
  - xxHash32
- name: github.com/ulikunitz/xz
  version: 0c6b41e72360850ca4f98dc341fd999726ea007f
  repo: https://github.com/ulikunitz/xz
- name: golang.org/x/crypto
  version: 2509b142fb2b797aa7587dad548f113b2c0f20ce
  repo: https://go.googlesource.com/crypto
  subpackages:
  - pbkdf2
  - scrypt
  - sha3
  - ssh/terminal
- name: golang.org/x/sys
  version: a1a1f1746d156bbc9954f29134b20ed4ce2752f1
  repo: https://go.googlesource.com/sys
  subpackages:
  - unix
testImports: []
